// !$*UTF8*$!
{
	archiveVersion = 1;
	classes = {
	};
	objectVersion = 46;
	objects = {

/* Begin PBXBuildFile section */
		B5C72E981D6BB2E300AC6CA9 /* AppDelegate.swift in Sources */ = {isa = PBXBuildFile; fileRef = B5C72E971D6BB2E300AC6CA9 /* AppDelegate.swift */; };
		B5C72E9A1D6BB2E300AC6CA9 /* ViewController.swift in Sources */ = {isa = PBXBuildFile; fileRef = B5C72E991D6BB2E300AC6CA9 /* ViewController.swift */; };
		B5C72E9D1D6BB2E300AC6CA9 /* Main.storyboard in Resources */ = {isa = PBXBuildFile; fileRef = B5C72E9B1D6BB2E300AC6CA9 /* Main.storyboard */; };
		B5C72E9F1D6BB2E300AC6CA9 /* Assets.xcassets in Resources */ = {isa = PBXBuildFile; fileRef = B5C72E9E1D6BB2E300AC6CA9 /* Assets.xcassets */; };
		B5C72EA21D6BB2E300AC6CA9 /* LaunchScreen.storyboard in Resources */ = {isa = PBXBuildFile; fileRef = B5C72EA01D6BB2E300AC6CA9 /* LaunchScreen.storyboard */; };
		B5C72EAB1D6BB3C000AC6CA9 /* Post.swift in Sources */ = {isa = PBXBuildFile; fileRef = B5C72EAA1D6BB3C000AC6CA9 /* Post.swift */; };
		B5C72EB01D6BC8F900AC6CA9 /* PostCell.swift in Sources */ = {isa = PBXBuildFile; fileRef = B5C72EAF1D6BC8F900AC6CA9 /* PostCell.swift */; };
		B5C72EB31D6DA8B700AC6CA9 /* AddPostVC.swift in Sources */ = {isa = PBXBuildFile; fileRef = B5C72EB21D6DA8B700AC6CA9 /* AddPostVC.swift */; };
		B5C72EB61D6DBAFB00AC6CA9 /* DataService.swift in Sources */ = {isa = PBXBuildFile; fileRef = B5C72EB51D6DBAFB00AC6CA9 /* DataService.swift */; };
/* End PBXBuildFile section */

/* Begin PBXFileReference section */
		B5C72E941D6BB2E300AC6CA9 /* my-neighborhood-app.app */ = {isa = PBXFileReference; explicitFileType = wrapper.application; includeInIndex = 0; path = "my-neighborhood-app.app"; sourceTree = BUILT_PRODUCTS_DIR; };
		B5C72E971D6BB2E300AC6CA9 /* AppDelegate.swift */ = {isa = PBXFileReference; lastKnownFileType = sourcecode.swift; path = AppDelegate.swift; sourceTree = "<group>"; };
		B5C72E991D6BB2E300AC6CA9 /* ViewController.swift */ = {isa = PBXFileReference; lastKnownFileType = sourcecode.swift; path = ViewController.swift; sourceTree = "<group>"; };
		B5C72E9C1D6BB2E300AC6CA9 /* Base */ = {isa = PBXFileReference; lastKnownFileType = file.storyboard; name = Base; path = Base.lproj/Main.storyboard; sourceTree = "<group>"; };
		B5C72E9E1D6BB2E300AC6CA9 /* Assets.xcassets */ = {isa = PBXFileReference; lastKnownFileType = folder.assetcatalog; path = Assets.xcassets; sourceTree = "<group>"; };
		B5C72EA11D6BB2E300AC6CA9 /* Base */ = {isa = PBXFileReference; lastKnownFileType = file.storyboard; name = Base; path = Base.lproj/LaunchScreen.storyboard; sourceTree = "<group>"; };
		B5C72EA31D6BB2E300AC6CA9 /* Info.plist */ = {isa = PBXFileReference; lastKnownFileType = text.plist.xml; path = Info.plist; sourceTree = "<group>"; };
		B5C72EAA1D6BB3C000AC6CA9 /* Post.swift */ = {isa = PBXFileReference; fileEncoding = 4; lastKnownFileType = sourcecode.swift; path = Post.swift; sourceTree = "<group>"; };
		B5C72EAF1D6BC8F900AC6CA9 /* PostCell.swift */ = {isa = PBXFileReference; fileEncoding = 4; lastKnownFileType = sourcecode.swift; path = PostCell.swift; sourceTree = "<group>"; };
		B5C72EB21D6DA8B700AC6CA9 /* AddPostVC.swift */ = {isa = PBXFileReference; fileEncoding = 4; lastKnownFileType = sourcecode.swift; path = AddPostVC.swift; sourceTree = "<group>"; };
		B5C72EB51D6DBAFB00AC6CA9 /* DataService.swift */ = {isa = PBXFileReference; fileEncoding = 4; lastKnownFileType = sourcecode.swift; path = DataService.swift; sourceTree = "<group>"; };
/* End PBXFileReference section */

/* Begin PBXFrameworksBuildPhase section */
		B5C72E911D6BB2E300AC6CA9 /* Frameworks */ = {
			isa = PBXFrameworksBuildPhase;
			buildActionMask = 2147483647;
			files = (
			);
			runOnlyForDeploymentPostprocessing = 0;
		};
/* End PBXFrameworksBuildPhase section */

/* Begin PBXGroup section */
		B5C72E8B1D6BB2E300AC6CA9 = {
			isa = PBXGroup;
			children = (
				B5C72E961D6BB2E300AC6CA9 /* my-neighborhood-app */,
				B5C72E951D6BB2E300AC6CA9 /* Products */,
			);
			sourceTree = "<group>";
		};
		B5C72E951D6BB2E300AC6CA9 /* Products */ = {
			isa = PBXGroup;
			children = (
				B5C72E941D6BB2E300AC6CA9 /* my-neighborhood-app.app */,
			);
			name = Products;
			sourceTree = "<group>";
		};
		B5C72E961D6BB2E300AC6CA9 /* my-neighborhood-app */ = {
			isa = PBXGroup;
			children = (
				B5C72EB41D6DBAE700AC6CA9 /* Services */,
				B5C72EA91D6BB39800AC6CA9 /* Model */,
				B5C72EAC1D6BC49100AC6CA9 /* View */,
				B5C72EB11D6DA7EE00AC6CA9 /* Controller */,
				B5C72E971D6BB2E300AC6CA9 /* AppDelegate.swift */,
				B5C72E9E1D6BB2E300AC6CA9 /* Assets.xcassets */,
				B5C72EA31D6BB2E300AC6CA9 /* Info.plist */,
			);
			path = "my-neighborhood-app";
			sourceTree = "<group>";
		};
		B5C72EA91D6BB39800AC6CA9 /* Model */ = {
			isa = PBXGroup;
			children = (
				B5C72EAA1D6BB3C000AC6CA9 /* Post.swift */,
			);
			name = Model;
			sourceTree = "<group>";
		};
		B5C72EAC1D6BC49100AC6CA9 /* View */ = {
			isa = PBXGroup;
			children = (
				B5C72E9B1D6BB2E300AC6CA9 /* Main.storyboard */,
				B5C72EA01D6BB2E300AC6CA9 /* LaunchScreen.storyboard */,
				B5C72EAF1D6BC8F900AC6CA9 /* PostCell.swift */,
			);
			name = View;
			sourceTree = "<group>";
		};
		B5C72EB11D6DA7EE00AC6CA9 /* Controller */ = {
			isa = PBXGroup;
			children = (
				B5C72E991D6BB2E300AC6CA9 /* ViewController.swift */,
				B5C72EB21D6DA8B700AC6CA9 /* AddPostVC.swift */,
			);
			name = Controller;
			sourceTree = "<group>";
		};
		B5C72EB41D6DBAE700AC6CA9 /* Services */ = {
			isa = PBXGroup;
			children = (
				B5C72EB51D6DBAFB00AC6CA9 /* DataService.swift */,
			);
			name = Services;
			sourceTree = "<group>";
		};
/* End PBXGroup section */

/* Begin PBXNativeTarget section */
		B5C72E931D6BB2E300AC6CA9 /* my-neighborhood-app */ = {
			isa = PBXNativeTarget;
			buildConfigurationList = B5C72EA61D6BB2E300AC6CA9 /* Build configuration list for PBXNativeTarget "my-neighborhood-app" */;
			buildPhases = (
				B5C72E901D6BB2E300AC6CA9 /* Sources */,
				B5C72E911D6BB2E300AC6CA9 /* Frameworks */,
				B5C72E921D6BB2E300AC6CA9 /* Resources */,
			);
			buildRules = (
			);
			dependencies = (
			);
			name = "my-neighborhood-app";
			productName = "my-neighborhood-app";
			productReference = B5C72E941D6BB2E300AC6CA9 /* my-neighborhood-app.app */;
			productType = "com.apple.product-type.application";
		};
/* End PBXNativeTarget section */

/* Begin PBXProject section */
		B5C72E8C1D6BB2E300AC6CA9 /* Project object */ = {
			isa = PBXProject;
			attributes = {
				LastSwiftUpdateCheck = 0730;
				LastUpgradeCheck = 0730;
				ORGANIZATIONNAME = AceGod;
				TargetAttributes = {
					B5C72E931D6BB2E300AC6CA9 = {
						CreatedOnToolsVersion = 7.3;
					};
				};
			};
			buildConfigurationList = B5C72E8F1D6BB2E300AC6CA9 /* Build configuration list for PBXProject "my-neighborhood-app" */;
			compatibilityVersion = "Xcode 3.2";
			developmentRegion = English;
			hasScannedForEncodings = 0;
			knownRegions = (
				en,
				Base,
			);
			mainGroup = B5C72E8B1D6BB2E300AC6CA9;
			productRefGroup = B5C72E951D6BB2E300AC6CA9 /* Products */;
			projectDirPath = "";
			projectRoot = "";
			targets = (
				B5C72E931D6BB2E300AC6CA9 /* my-neighborhood-app */,
			);
		};
/* End PBXProject section */

/* Begin PBXResourcesBuildPhase section */
		B5C72E921D6BB2E300AC6CA9 /* Resources */ = {
			isa = PBXResourcesBuildPhase;
			buildActionMask = 2147483647;
			files = (
				B5C72EA21D6BB2E300AC6CA9 /* LaunchScreen.storyboard in Resources */,
				B5C72E9F1D6BB2E300AC6CA9 /* Assets.xcassets in Resources */,
				B5C72E9D1D6BB2E300AC6CA9 /* Main.storyboard in Resources */,
			);
			runOnlyForDeploymentPostprocessing = 0;
		};
/* End PBXResourcesBuildPhase section */

/* Begin PBXSourcesBuildPhase section */
		B5C72E901D6BB2E300AC6CA9 /* Sources */ = {
			isa = PBXSourcesBuildPhase;
			buildActionMask = 2147483647;
			files = (
				B5C72EAB1D6BB3C000AC6CA9 /* Post.swift in Sources */,
				B5C72E9A1D6BB2E300AC6CA9 /* ViewController.swift in Sources */,
				B5C72EB31D6DA8B700AC6CA9 /* AddPostVC.swift in Sources */,
				B5C72EB61D6DBAFB00AC6CA9 /* DataService.swift in Sources */,
				B5C72E981D6BB2E300AC6CA9 /* AppDelegate.swift in Sources */,
				B5C72EB01D6BC8F900AC6CA9 /* PostCell.swift in Sources */,
			);
			runOnlyForDeploymentPostprocessing = 0;
		};
/* End PBXSourcesBuildPhase section */

/* Begin PBXVariantGroup section */
		B5C72E9B1D6BB2E300AC6CA9 /* Main.storyboard */ = {
			isa = PBXVariantGroup;
			children = (
				B5C72E9C1D6BB2E300AC6CA9 /* Base */,
			);
			name = Main.storyboard;
			sourceTree = "<group>";
		};
		B5C72EA01D6BB2E300AC6CA9 /* LaunchScreen.storyboard */ = {
			isa = PBXVariantGroup;
			children = (
				B5C72EA11D6BB2E300AC6CA9 /* Base */,
			);
			name = LaunchScreen.storyboard;
			sourceTree = "<group>";
		};
/* End PBXVariantGroup section */

/* Begin XCBuildConfiguration section */
		B5C72EA41D6BB2E300AC6CA9 /* Debug */ = {
			isa = XCBuildConfiguration;
			buildSettings = {
				ALWAYS_SEARCH_USER_PATHS = NO;
				CLANG_ANALYZER_NONNULL = YES;
				CLANG_CXX_LANGUAGE_STANDARD = "gnu++0x";
				CLANG_CXX_LIBRARY = "libc++";
				CLANG_ENABLE_MODULES = YES;
				CLANG_ENABLE_OBJC_ARC = YES;
				CLANG_WARN_BOOL_CONVERSION = YES;
				CLANG_WARN_CONSTANT_CONVERSION = YES;
				CLANG_WARN_DIRECT_OBJC_ISA_USAGE = YES_ERROR;
				CLANG_WARN_EMPTY_BODY = YES;
				CLANG_WARN_ENUM_CONVERSION = YES;
				CLANG_WARN_INT_CONVERSION = YES;
				CLANG_WARN_OBJC_ROOT_CLASS = YES_ERROR;
				CLANG_WARN_UNREACHABLE_CODE = YES;
				CLANG_WARN__DUPLICATE_METHOD_MATCH = YES;
				"CODE_SIGN_IDENTITY[sdk=iphoneos*]" = "iPhone Developer";
				COPY_PHASE_STRIP = NO;
				DEBUG_INFORMATION_FORMAT = dwarf;
				ENABLE_STRICT_OBJC_MSGSEND = YES;
				ENABLE_TESTABILITY = YES;
				GCC_C_LANGUAGE_STANDARD = gnu99;
				GCC_DYNAMIC_NO_PIC = NO;
				GCC_NO_COMMON_BLOCKS = YES;
				GCC_OPTIMIZATION_LEVEL = 0;
				GCC_PREPROCESSOR_DEFINITIONS = (
					"DEBUG=1",
					"$(inherited)",
				);
				GCC_WARN_64_TO_32_BIT_CONVERSION = YES;
				GCC_WARN_ABOUT_RETURN_TYPE = YES_ERROR;
				GCC_WARN_UNDECLARED_SELECTOR = YES;
				GCC_WARN_UNINITIALIZED_AUTOS = YES_AGGRESSIVE;
				GCC_WARN_UNUSED_FUNCTION = YES;
				GCC_WARN_UNUSED_VARIABLE = YES;
				IPHONEOS_DEPLOYMENT_TARGET = 9.3;
				MTL_ENABLE_DEBUG_INFO = YES;
				ONLY_ACTIVE_ARCH = YES;
				SDKROOT = iphoneos;
				SWIFT_OPTIMIZATION_LEVEL = "-Onone";
			};
			name = Debug;
		};
		B5C72EA51D6BB2E300AC6CA9 /* Release */ = {
			isa = XCBuildConfiguration;
			buildSettings = {
				ALWAYS_SEARCH_USER_PATHS = NO;
				CLANG_ANALYZER_NONNULL = YES;
				CLANG_CXX_LANGUAGE_STANDARD = "gnu++0x";
				CLANG_CXX_LIBRARY = "libc++";
				CLANG_ENABLE_MODULES = YES;
				CLANG_ENABLE_OBJC_ARC = YES;
				CLANG_WARN_BOOL_CONVERSION = YES;
				CLANG_WARN_CONSTANT_CONVERSION = YES;
				CLANG_WARN_DIRECT_OBJC_ISA_USAGE = YES_ERROR;
				CLANG_WARN_EMPTY_BODY = YES;
				CLANG_WARN_ENUM_CONVERSION = YES;
				CLANG_WARN_INT_CONVERSION = YES;
				CLANG_WARN_OBJC_ROOT_CLASS = YES_ERROR;
				CLANG_WARN_UNREACHABLE_CODE = YES;
				CLANG_WARN__DUPLICATE_METHOD_MATCH = YES;
				"CODE_SIGN_IDENTITY[sdk=iphoneos*]" = "iPhone Developer";
				COPY_PHASE_STRIP = NO;
				DEBUG_INFORMATION_FORMAT = "dwarf-with-dsym";
				ENABLE_NS_ASSERTIONS = NO;
				ENABLE_STRICT_OBJC_MSGSEND = YES;
				GCC_C_LANGUAGE_STANDARD = gnu99;
				GCC_NO_COMMON_BLOCKS = YES;
				GCC_WARN_64_TO_32_BIT_CONVERSION = YES;
				GCC_WARN_ABOUT_RETURN_TYPE = YES_ERROR;
				GCC_WARN_UNDECLARED_SELECTOR = YES;
				GCC_WARN_UNINITIALIZED_AUTOS = YES_AGGRESSIVE;
				GCC_WARN_UNUSED_FUNCTION = YES;
				GCC_WARN_UNUSED_VARIABLE = YES;
				IPHONEOS_DEPLOYMENT_TARGET = 9.3;
				MTL_ENABLE_DEBUG_INFO = NO;
				SDKROOT = iphoneos;
				VALIDATE_PRODUCT = YES;
			};
			name = Release;
		};
		B5C72EA71D6BB2E300AC6CA9 /* Debug */ = {
			isa = XCBuildConfiguration;
			buildSettings = {
				ASSETCATALOG_COMPILER_APPICON_NAME = AppIcon;
				INFOPLIST_FILE = "my-neighborhood-app/Info.plist";
				LD_RUNPATH_SEARCH_PATHS = "$(inherited) @executable_path/Frameworks";
				PRODUCT_BUNDLE_IDENTIFIER = "com.acegod.my-neighborhood-app";
				PRODUCT_NAME = "$(TARGET_NAME)";
			};
			name = Debug;
		};
		B5C72EA81D6BB2E300AC6CA9 /* Release */ = {
			isa = XCBuildConfiguration;
			buildSettings = {
				ASSETCATALOG_COMPILER_APPICON_NAME = AppIcon;
				INFOPLIST_FILE = "my-neighborhood-app/Info.plist";
				LD_RUNPATH_SEARCH_PATHS = "$(inherited) @executable_path/Frameworks";
				PRODUCT_BUNDLE_IDENTIFIER = "com.acegod.my-neighborhood-app";
				PRODUCT_NAME = "$(TARGET_NAME)";
			};
			name = Release;
		};
/* End XCBuildConfiguration section */

/* Begin XCConfigurationList section */
		B5C72E8F1D6BB2E300AC6CA9 /* Build configuration list for PBXProject "my-neighborhood-app" */ = {
			isa = XCConfigurationList;
			buildConfigurations = (
				B5C72EA41D6BB2E300AC6CA9 /* Debug */,
				B5C72EA51D6BB2E300AC6CA9 /* Release */,
			);
			defaultConfigurationIsVisible = 0;
			defaultConfigurationName = Release;
		};
		B5C72EA61D6BB2E300AC6CA9 /* Build configuration list for PBXNativeTarget "my-neighborhood-app" */ = {
			isa = XCConfigurationList;
			buildConfigurations = (
				B5C72EA71D6BB2E300AC6CA9 /* Debug */,
				B5C72EA81D6BB2E300AC6CA9 /* Release */,
			);
			defaultConfigurationIsVisible = 0;
		};
/* End XCConfigurationList section */
	};
	rootObject = B5C72E8C1D6BB2E300AC6CA9 /* Project object */;
}
